
Microsoft Visual Studio Solution File, Format Version 12.00
# Visual Studio Version 16
VisualStudioVersion = 16.0.29920.165
MinimumVisualStudioVersion = 10.0.40219.1
Project("{FAE04EC0-301F-11D3-BF4B-00C04F79EFBC}") = "Grimusk", "Grimusk\Grimusk.csproj", "{848E5C0E-5851-479C-89DC-C4E1F8A63843}"
EndProject
Global
	GlobalSection(SolutionConfigurationPlatforms) = preSolution
		Debug|Any CPU = Debug|Any CPU
		Release|Any CPU = Release|Any CPU
	EndGlobalSection
	GlobalSection(ProjectConfigurationPlatforms) = postSolution
		{848E5C0E-5851-479C-89DC-C4E1F8A63843}.Debug|Any CPU.ActiveCfg = Debug|Any CPU
		{848E5C0E-5851-479C-89DC-C4E1F8A63843}.Debug|Any CPU.Build.0 = Debug|Any CPU
		{848E5C0E-5851-479C-89DC-C4E1F8A63843}.Release|Any CPU.ActiveCfg = Release|Any CPU
		{848E5C0E-5851-479C-89DC-C4E1F8A63843}.Release|Any CPU.Build.0 = Release|Any CPU
	EndGlobalSection
	GlobalSection(SolutionProperties) = preSolution
		HideSolutionNode = FALSE
	EndGlobalSection
	GlobalSection(ExtensibilityGlobals) = postSolution
		SolutionGuid = {0F70BF63-71CA-494E-BD52-199A0D8FB4CF}
	EndGlobalSection
EndGlobal
